github.com/kkyr/fig v0.5.0 h1:D4ym5MYYScOSgqyx1HYQaqFn9dXKzIuSz8N6SZ4rzqM=
github.com/kkyr/fig v0.5.0/go.mod h1:U4Rq/5eUNJ8o5UvOEc9DiXtNf41srOLn2r/BfCyuc58=
github.com/mitchellh/mapstructure v1.5.0 h1:jeMsZIYE/09sWLaz43PL7Gy6RuMjD2eJVyuac5Z2hdY=
github.com/mitchellh/mapstructure v1.5.0/go.mod h1:bFUtVrKA4DC2yAKiSyO/QUcy7e+RRV2QTWOzhPopBRo=
github.com/pelletier/go-toml/v2 v2.2.4 h1:mye9XuhQ6gvn5h28+VilKrrPoQVanw5PMw/TB0t5Ec4=
github.com/pelletier/go-toml/v2 v2.2.4/go.mod h1:2gIqNv+qfxSVS7cM2xJQKtLSTLUE9V8t9Stt+h56mCY=
github.com/wneessen/go-parsesyslog v0.2.2 h1:RhY7KJ5smi/f+KbHF7pEVqXF1fgvP3SVOc2nstixTNo=
github.com/wneessen/go-parsesyslog v0.2.2/go.mod h1:xk+PXAOW/9Vc6AfrXd1tZKFyndq1jwxK+rIdlKuHpcc=
gopkg.in/check.v1 v0.0.0-20161208181325-20d25e280405 h1:yhCVgyC4o1eVCa2tZl7eS0r+SDo693bJlVdllGtEeKM=
gopkg.in/check.v1 v0.0.0-20161208181325-20d25e280405/go.mod h1:Co6ibVJAznAaIkqp8huTwlJQCZ016jof/cbN4VW5Yz0=
gopkg.in/yaml.v3 v3.0.1 h1:fxVm/GzAzEWqLHuvctI91KS9hhNmmWOoWu0XTYJS7CA=
gopkg.in/yaml.v3 v3.0.1/go.mod h1:K4uyk7z7BCEPqu6E+C64Yfv1cQ7kz7rIZviUmN+EgEM=
